{
    "_readme": [
        "This file locks the dependencies of your project to a known state",
        "Read more about it at http://getcomposer.org/doc/01-basic-usage.md#composer-lock-the-lock-file",
        "This file is @generated automatically"
    ],
    "hash": "4d7f02d1058d277e986752bd0ee8a49d",
    "packages": [
        {
            "name": "klein/klein",
            "version": "v2.1.0",
            "source": {
                "type": "git",
                "url": "https://github.com/chriso/klein.php.git",
                "reference": "5dc073f05adb67ee09680545b4cc7b0590d2559e"
            },
            "dist": {
                "type": "zip",
                "url": "https://api.github.com/repos/chriso/klein.php/zipball/5dc073f05adb67ee09680545b4cc7b0590d2559e",
                "reference": "5dc073f05adb67ee09680545b4cc7b0590d2559e",
                "shasum": ""
            },
            "require": {
                "php": ">=5.3.0"
            },
            "require-dev": {
                "phpunit/php-code-coverage": "1.2.x",
                "phpunit/phpunit": "3.7.x",
                "squizlabs/php_codesniffer": "1.4.8"
            },
            "type": "library",
            "autoload": {
                "psr-4": {
                    "Klein\\": "src/Klein/"
                }
            },
            "notification-url": "https://packagist.org/downloads/",
            "license": [
                "MIT"
            ],
            "authors": [
                {
                    "name": "Chris O'Hara",
                    "email": "cohara87@gmail.com",
                    "homepage": "http://chris6f.com/",
                    "role": "Creator/Developer"
                },
                {
                    "name": "Trevor Suarez",
                    "email": "rican7@gmail.com",
                    "homepage": "http://about.me/tnsuarez",
                    "role": "Contributor/Developer"
                }
            ],
            "description": "A lightning fast router for PHP",
            "homepage": "https://github.com/chriso/klein.php",
            "keywords": [
                "boilerplate",
                "router",
                "routing",
                "sinatra"
            ],
            "time": "2014-11-07 07:35:23"
        },
        {
            "name": "nesbot/carbon",
            "version": "1.18.0",
            "source": {
                "type": "git",
                "url": "https://github.com/briannesbitt/Carbon.git",
                "reference": "99e2f69f7bdc2cc4334b2d00f1e0ba450623ea36"
            },
            "dist": {
                "type": "zip",
                "url": "https://api.github.com/repos/briannesbitt/Carbon/zipball/99e2f69f7bdc2cc4334b2d00f1e0ba450623ea36",
                "reference": "99e2f69f7bdc2cc4334b2d00f1e0ba450623ea36",
                "shasum": ""
            },
            "require": {
                "php": ">=5.3.0",
                "symfony/translation": "2.6.*"
            },
            "require-dev": {
                "phpunit/phpunit": "~4.0"
            },
            "type": "library",
            "autoload": {
                "psr-0": {
                    "Carbon": "src"
                }
            },
            "notification-url": "https://packagist.org/downloads/",
            "license": [
                "MIT"
            ],
            "authors": [
                {
                    "name": "Brian Nesbitt",
                    "email": "brian@nesbot.com",
                    "homepage": "http://nesbot.com"
                }
            ],
            "description": "A simple API extension for DateTime.",
            "homepage": "http://carbon.nesbot.com",
            "keywords": [
                "date",
                "datetime",
                "time"
            ],
            "time": "2015-03-26 03:05:57"
        },
        {
            "name": "phpmailer/phpmailer",
            "version": "v5.2.9",
            "source": {
                "type": "git",
                "url": "https://github.com/PHPMailer/PHPMailer.git",
                "reference": "73b61679809615850706f1dbf88e6df2ddc05745"
            },
            "dist": {
                "type": "zip",
                "url": "https://api.github.com/repos/PHPMailer/PHPMailer/zipball/73b61679809615850706f1dbf88e6df2ddc05745",
                "reference": "73b61679809615850706f1dbf88e6df2ddc05745",
                "shasum": ""
            },
            "require": {
                "php": ">=5.0.0"
            },
            "require-dev": {
                "phpdocumentor/phpdocumentor": "*",
                "phpunit/phpunit": "4.1.*"
            },
            "type": "library",
            "autoload": {
                "classmap": [
                    "class.phpmailer.php",
                    "class.pop3.php",
                    "class.smtp.php"
                ]
            },
            "notification-url": "https://packagist.org/downloads/",
            "license": [
                "LGPL-2.1"
            ],
            "authors": [
                {
                    "name": "Jim Jagielski",
                    "email": "jimjag@gmail.com"
                },
                {
                    "name": "Marcus Bointon",
                    "email": "phpmailer@synchromedia.co.uk"
                },
                {
                    "name": "Andy Prevost",
                    "email": "codeworxtech@users.sourceforge.net"
                },
                {
                    "name": "Brent R. Matzelle"
                }
            ],
            "description": "PHPMailer is a full-featured email creation and transfer class for PHP",
            "time": "2014-09-26 18:33:30"
        },
        {
            "name": "symfony/translation",
            "version": "v2.6.6",
            "target-dir": "Symfony/Component/Translation",
            "source": {
                "type": "git",
                "url": "https://github.com/symfony/Translation.git",
                "reference": "bd939f05cdaca128f4ddbae1b447d6f0203b60af"
            },
            "dist": {
                "type": "zip",
                "url": "https://api.github.com/repos/symfony/Translation/zipball/bd939f05cdaca128f4ddbae1b447d6f0203b60af",
                "reference": "bd939f05cdaca128f4ddbae1b447d6f0203b60af",
                "shasum": ""
            },
            "require": {
                "php": ">=5.3.3"
            },
            "require-dev": {
                "psr/log": "~1.0",
                "symfony/config": "~2.3,>=2.3.12",
                "symfony/intl": "~2.3",
                "symfony/phpunit-bridge": "~2.7",
                "symfony/yaml": "~2.2"
            },
            "suggest": {
                "psr/log": "To use logging capability in translator",
                "symfony/config": "",
                "symfony/yaml": ""
            },
            "type": "library",
            "extra": {
                "branch-alias": {
                    "dev-master": "2.6-dev"
                }
            },
            "autoload": {
                "psr-0": {
                    "Symfony\\Component\\Translation\\": ""
                }
            },
            "notification-url": "https://packagist.org/downloads/",
            "license": [
                "MIT"
            ],
            "authors": [
                {
                    "name": "Symfony Community",
                    "homepage": "http://symfony.com/contributors"
                },
                {
                    "name": "Fabien Potencier",
                    "email": "fabien@symfony.com"
                }
            ],
            "description": "Symfony Translation Component",
            "homepage": "http://symfony.com",
            "time": "2015-03-30 15:54:10"
        },
        {
            "name": "wixel/gump",
            "version": "dev-master",
            "source": {
                "type": "git",
                "url": "https://github.com/Wixel/GUMP.git",
                "reference": "3b2ffa415b334638df658573357b59ace90cb397"
            },
            "dist": {
                "type": "zip",
                "url": "https://api.github.com/repos/Wixel/GUMP/zipball/3b2ffa415b334638df658573357b59ace90cb397",
                "reference": "3b2ffa415b334638df658573357b59ace90cb397",
                "shasum": ""
            },
            "type": "library",
            "autoload": {
                "files": [
                    "gump.class.php"
                ]
            },
            "notification-url": "https://packagist.org/downloads/",
            "license": [
                "MIT"
            ],
            "authors": [
                {
                    "name": "Colleen Emryss",
                    "homepage": "http://skitter.tv"
                },
                {
                    "name": "Mark Slingsby",
                    "homepage": "http://www.rsaweb.co.za"
                },
                {
                    "name": "Roy de Kleijn",
                    "homepage": "http://roydekleijn.com"
                },
                {
                    "name": "Christian Klisch",
                    "homepage": "http://www.christian-klisch.de/"
                },
                {
                    "name": "Inge Brattaas",
                    "homepage": "http://res.no/"
                },
                {
                    "name": "Sean Nieuwoudt",
                    "homepage": "http://wixelhq.com"
                },
                {
                    "name": "Rob Crowe",
                    "homepage": "http://vivalacrowe.com"
                }
            ],
            "description": "A fast, extensible & stand-alone PHP input validation class that allows you to validate any data",
            "homepage": "http://wixelhq.com/",
            "time": "2015-03-18 13:56:49"
        },
        {
            "name": "yzalis/identicon",
            "version": "1.1.0",
            "source": {
                "type": "git",
                "url": "https://github.com/yzalis/Identicon.git",
                "reference": "a99fc2a3d018512f7914bc6f972952536c0f309b"
            },
            "dist": {
                "type": "zip",
                "url": "https://api.github.com/repos/yzalis/Identicon/zipball/a99fc2a3d018512f7914bc6f972952536c0f309b",
                "reference": "a99fc2a3d018512f7914bc6f972952536c0f309b",
                "shasum": ""
            },
            "require": {
                "php": ">=5.3.0"
            },
            "require-dev": {
                "fzaninotto/faker": "1.2.*@dev"
            },
            "type": "library",
            "extra": {
                "branch-alias": {
                    "dev-master": "1.1-dev"
                }
            },
            "autoload": {
                "psr-0": {
                    "Identicon": "src/"
                }
            },
            "notification-url": "https://packagist.org/downloads/",
            "license": [
                "MIT"
            ],
            "authors": [
                {
                    "name": "Benjamin Laugueux",
                    "email": "benjamin@yzalis.com"
                }
            ],
            "description": "Create awesome unique avatar.",
            "homepage": "http://identicon-php.org",
            "keywords": [
                "avatar",
                "identicon",
                "image"
            ],
            "time": "2014-07-13 09:19:12"
        }
    ],
    "packages-dev": [],
    "aliases": [],
    "minimum-stability": "stable",
    "stability-flags": {
        "wixel/gump": 20
    },
    "prefer-stable": false,
    "prefer-lowest": false,
    "platform": [],
    "platform-dev": []
}
